
Microsoft Visual Studio Solution File, Format Version 12.00
# Visual Studio Version 17
VisualStudioVersion = 17.10.35004.147
MinimumVisualStudioVersion = 10.0.40219.1
Project("{FAE04EC0-301F-11D3-BF4B-00C04F79EFBC}") = "AbataChallenge", "AbataChallenge.csproj", "{45B9914F-F89E-4B26-A5CD-FFB7AE555EC0}"
EndProject
Global
	GlobalSection(SolutionConfigurationPlatforms) = preSolution
		Debug|Any CPU = Debug|Any CPU
		Release|Any CPU = Release|Any CPU
	EndGlobalSection
	GlobalSection(ProjectConfigurationPlatforms) = postSolution
		{45B9914F-F89E-4B26-A5CD-FFB7AE555EC0}.Debug|Any CPU.ActiveCfg = Debug|Any CPU
		{45B9914F-F89E-4B26-A5CD-FFB7AE555EC0}.Debug|Any CPU.Build.0 = Debug|Any CPU
		{45B9914F-F89E-4B26-A5CD-FFB7AE555EC0}.Release|Any CPU.ActiveCfg = Release|Any CPU
		{45B9914F-F89E-4B26-A5CD-FFB7AE555EC0}.Release|Any CPU.Build.0 = Release|Any CPU
	EndGlobalSection
	GlobalSection(SolutionProperties) = preSolution
		HideSolutionNode = FALSE
	EndGlobalSection
	GlobalSection(ExtensibilityGlobals) = postSolution
		SolutionGuid = {23D24E82-2EFA-4BDA-BF81-5D645A8E7D18}
	EndGlobalSection
EndGlobal
